PODS:
  - Flutter (1.0.0)
  - storage_capacity (0.0.1):
    - Flutter

DEPENDENCIES:
  - Flutter (from `Flutter`)
  - storage_capacity (from `.symlinks/plugins/storage_capacity/ios`)

EXTERNAL SOURCES:
  Flutter:
    :path: Flutter
  storage_capacity:
    :path: ".symlinks/plugins/storage_capacity/ios"

SPEC CHECKSUMS:
  Flutter: 0e3d915762c693b495b44d77113d4970485de6ec
  storage_capacity: 738cedb1e11804edb3935954efea55ff7f273425

PODFILE CHECKSUM: aafe91acc616949ddb318b77800a7f51bffa2a4c

COCOAPODS: 1.9.3
